
Microsoft Visual Studio Solution File, Format Version 12.00
# Visual Studio Version 16
VisualStudioVersion = 16.0.31019.35
MinimumVisualStudioVersion = 10.0.40219.1
Project("{FAE04EC0-301F-11D3-BF4B-00C04F79EFBC}") = "MemoryGame", "MemoryGame.csproj", "{1D5F1FB9-9C5A-42D5-A585-26828D55C9E7}"
EndProject
Global
	GlobalSection(SolutionConfigurationPlatforms) = preSolution
		Debug|Any CPU = Debug|Any CPU
		Release|Any CPU = Release|Any CPU
	EndGlobalSection
	GlobalSection(ProjectConfigurationPlatforms) = postSolution
		{1D5F1FB9-9C5A-42D5-A585-26828D55C9E7}.Debug|Any CPU.ActiveCfg = Debug|Any CPU
		{1D5F1FB9-9C5A-42D5-A585-26828D55C9E7}.Debug|Any CPU.Build.0 = Debug|Any CPU
		{1D5F1FB9-9C5A-42D5-A585-26828D55C9E7}.Release|Any CPU.ActiveCfg = Release|Any CPU
		{1D5F1FB9-9C5A-42D5-A585-26828D55C9E7}.Release|Any CPU.Build.0 = Release|Any CPU
	EndGlobalSection
	GlobalSection(SolutionProperties) = preSolution
		HideSolutionNode = FALSE
	EndGlobalSection
	GlobalSection(ExtensibilityGlobals) = postSolution
		SolutionGuid = {234D3EF3-C079-4978-AB7E-8BDDAE26D429}
	EndGlobalSection
EndGlobal
