
Microsoft Visual Studio Solution File, Format Version 12.00
# Visual Studio Version 16
VisualStudioVersion = 16.0.30406.217
MinimumVisualStudioVersion = 10.0.40219.1
Project("{FAE04EC0-301F-11D3-BF4B-00C04F79EFBC}") = "WindowsFormsApp3", "WindowsFormsApp3.csproj", "{1179AECB-813F-4EBE-9678-E6F2BA075187}"
EndProject
Global
	GlobalSection(SolutionConfigurationPlatforms) = preSolution
		Debug|Any CPU = Debug|Any CPU
		Release|Any CPU = Release|Any CPU
	EndGlobalSection
	GlobalSection(ProjectConfigurationPlatforms) = postSolution
		{1179AECB-813F-4EBE-9678-E6F2BA075187}.Debug|Any CPU.ActiveCfg = Debug|Any CPU
		{1179AECB-813F-4EBE-9678-E6F2BA075187}.Debug|Any CPU.Build.0 = Debug|Any CPU
		{1179AECB-813F-4EBE-9678-E6F2BA075187}.Release|Any CPU.ActiveCfg = Release|Any CPU
		{1179AECB-813F-4EBE-9678-E6F2BA075187}.Release|Any CPU.Build.0 = Release|Any CPU
	EndGlobalSection
	GlobalSection(SolutionProperties) = preSolution
		HideSolutionNode = FALSE
	EndGlobalSection
	GlobalSection(ExtensibilityGlobals) = postSolution
		SolutionGuid = {327B0F88-4286-4DB5-B220-E5794BF31ED3}
	EndGlobalSection
EndGlobal
