
Microsoft Visual Studio Solution File, Format Version 12.00
# Visual Studio Version 16
VisualStudioVersion = 16.0.30406.217
MinimumVisualStudioVersion = 10.0.40219.1
Project("{FAE04EC0-301F-11D3-BF4B-00C04F79EFBC}") = "WindowsFormsApp2", "WindowsFormsApp2.csproj", "{FAF7C564-26BD-4CA0-8917-4E6A453229ED}"
EndProject
Global
	GlobalSection(SolutionConfigurationPlatforms) = preSolution
		Debug|Any CPU = Debug|Any CPU
		Release|Any CPU = Release|Any CPU
	EndGlobalSection
	GlobalSection(ProjectConfigurationPlatforms) = postSolution
		{FAF7C564-26BD-4CA0-8917-4E6A453229ED}.Debug|Any CPU.ActiveCfg = Debug|Any CPU
		{FAF7C564-26BD-4CA0-8917-4E6A453229ED}.Debug|Any CPU.Build.0 = Debug|Any CPU
		{FAF7C564-26BD-4CA0-8917-4E6A453229ED}.Release|Any CPU.ActiveCfg = Release|Any CPU
		{FAF7C564-26BD-4CA0-8917-4E6A453229ED}.Release|Any CPU.Build.0 = Release|Any CPU
	EndGlobalSection
	GlobalSection(SolutionProperties) = preSolution
		HideSolutionNode = FALSE
	EndGlobalSection
	GlobalSection(ExtensibilityGlobals) = postSolution
		SolutionGuid = {B5AEFB09-5BE1-4BA3-B5D8-7B57C3B267C3}
	EndGlobalSection
EndGlobal
